
Microsoft Visual Studio Solution File, Format Version 12.00
# Visual Studio Version 17
VisualStudioVersion = 17.14.36310.24
MinimumVisualStudioVersion = 10.0.40219.1
Project("{FAE04EC0-301F-11D3-BF4B-00C04F79EFBC}") = "schedule-fetcher", "schedule-fetcher.csproj", "{4D3F8A45-E32E-489E-BAA9-E1BD22BE8A67}"
EndProject
Project("{FAE04EC0-301F-11D3-BF4B-00C04F79EFBC}") = "TitleUpdaterConsole", "TitleUpdater\TitleUpdaterConsole.csproj", "{2A749287-9BF9-D1E7-7D57-267DFE8DCC71}"
EndProject
Global
	GlobalSection(SolutionConfigurationPlatforms) = preSolution
		Debug|Any CPU = Debug|Any CPU
		Release|Any CPU = Release|Any CPU
	EndGlobalSection
	GlobalSection(ProjectConfigurationPlatforms) = postSolution
		{4D3F8A45-E32E-489E-BAA9-E1BD22BE8A67}.Debug|Any CPU.ActiveCfg = Debug|Any CPU
		{4D3F8A45-E32E-489E-BAA9-E1BD22BE8A67}.Debug|Any CPU.Build.0 = Debug|Any CPU
		{4D3F8A45-E32E-489E-BAA9-E1BD22BE8A67}.Release|Any CPU.ActiveCfg = Release|Any CPU
		{4D3F8A45-E32E-489E-BAA9-E1BD22BE8A67}.Release|Any CPU.Build.0 = Release|Any CPU
		{2A749287-9BF9-D1E7-7D57-267DFE8DCC71}.Debug|Any CPU.ActiveCfg = Debug|Any CPU
		{2A749287-9BF9-D1E7-7D57-267DFE8DCC71}.Debug|Any CPU.Build.0 = Debug|Any CPU
		{2A749287-9BF9-D1E7-7D57-267DFE8DCC71}.Release|Any CPU.ActiveCfg = Release|Any CPU
		{2A749287-9BF9-D1E7-7D57-267DFE8DCC71}.Release|Any CPU.Build.0 = Release|Any CPU
	EndGlobalSection
	GlobalSection(SolutionProperties) = preSolution
		HideSolutionNode = FALSE
	EndGlobalSection
EndGlobal
